
Microsoft Visual Studio Solution File, Format Version 12.00
# Visual Studio Version 17
VisualStudioVersion = 17.5.33414.496
MinimumVisualStudioVersion = 10.0.40219.1
Project("{FAE04EC0-301F-11D3-BF4B-00C04F79EFBC}") = "KPL_JURNAL_MOD8_1302213045", "KPL_JURNAL_MOD8_1302213045\KPL_JURNAL_MOD8_1302213045.csproj", "{FB005E1C-2884-406E-94C2-BC0A2954A59D}"
EndProject
Global
	GlobalSection(SolutionConfigurationPlatforms) = preSolution
		Debug|Any CPU = Debug|Any CPU
		Release|Any CPU = Release|Any CPU
	EndGlobalSection
	GlobalSection(ProjectConfigurationPlatforms) = postSolution
		{FB005E1C-2884-406E-94C2-BC0A2954A59D}.Debug|Any CPU.ActiveCfg = Debug|Any CPU
		{FB005E1C-2884-406E-94C2-BC0A2954A59D}.Debug|Any CPU.Build.0 = Debug|Any CPU
		{FB005E1C-2884-406E-94C2-BC0A2954A59D}.Release|Any CPU.ActiveCfg = Release|Any CPU
		{FB005E1C-2884-406E-94C2-BC0A2954A59D}.Release|Any CPU.Build.0 = Release|Any CPU
	EndGlobalSection
	GlobalSection(SolutionProperties) = preSolution
		HideSolutionNode = FALSE
	EndGlobalSection
	GlobalSection(ExtensibilityGlobals) = postSolution
		SolutionGuid = {F46EF14F-B1DA-4103-95B7-3D69A730F3F4}
	EndGlobalSection
EndGlobal
